
Microsoft Visual Studio Solution File, Format Version 12.00
# Visual Studio 15
VisualStudioVersion = 15.0.26730.16
MinimumVisualStudioVersion = 10.0.40219.1
Project("{9A19103F-16F7-4668-BE54-9A1E7A4F7556}") = "Nett", "..\..\Source\Nett\Nett.csproj", "{11E1BD88-FAB6-407D-B3EF-42A291D4AA14}"
EndProject
Project("{2150E333-8FDC-42A3-9474-1A3956D46DE8}") = "Solution Items", "Solution Items", "{E524EAFD-2545-4294-A49C-E05200F9363F}"
	ProjectSection(SolutionItems) = preProject
		..\..\.gitattributes = ..\..\.gitattributes
		..\..\.gitignore = ..\..\.gitignore
		..\..\build.ps1 = ..\..\build.ps1
		..\..\Coma.nuspec = ..\..\Coma.nuspec
		..\..\Nett.AspNet.nuspec = ..\..\Nett.AspNet.nuspec
		..\..\Nett.nuspec = ..\..\Nett.nuspec
		..\..\Infrastructure\Nett.ruleset = ..\..\Infrastructure\Nett.ruleset
		..\..\README.md = ..\..\README.md
		..\..\Shared.targets = ..\..\Shared.targets
	EndProjectSection
EndProject
Project("{2150E333-8FDC-42A3-9474-1A3956D46DE8}") = "Testing", "Testing", "{9A668C41-A34B-4E30-9D2A-B903C9D4985D}"
EndProject
Project("{9A19103F-16F7-4668-BE54-9A1E7A4F7556}") = "Nett.Coma", "..\..\Source\Nett.Coma\Nett.Coma.csproj", "{A453AF50-8154-4766-84DD-9DB71E38BE0C}"
EndProject
Project("{FAE04EC0-301F-11D3-BF4B-00C04F79EFBC}") = "Nett.Coma.Tests.Internal", "..\..\Test\Nett.Coma.Tests.Internal\Nett.Coma.Tests.Internal.csproj", "{7AA9DF26-72E2-495F-B779-2C9D55AA9C44}"
EndProject
Project("{FAE04EC0-301F-11D3-BF4B-00C04F79EFBC}") = "Nett.Coma.Tests", "..\..\Test\Nett.Coma.Tests\Nett.Coma.Tests.csproj", "{973EB2FA-C2BA-4395-BB42-1632A602C5CB}"
EndProject
Project("{FAE04EC0-301F-11D3-BF4B-00C04F79EFBC}") = "Nett.Tests", "..\..\Test\Nett.Tests\Nett.Tests.csproj", "{C7FDD1D2-70F8-4808-8F39-27267C159CF3}"
EndProject
Project("{FAE04EC0-301F-11D3-BF4B-00C04F79EFBC}") = "Nett.Tests.Decoder", "..\..\Test\Nett.Tests.Decoder\Nett.Tests.Decoder.csproj", "{87AD5DA2-6146-4D1F-97B8-37C75F2B2BA5}"
EndProject
Project("{FAE04EC0-301F-11D3-BF4B-00C04F79EFBC}") = "Nett.Tests.Internal", "..\..\Test\Nett.Tests.Internal\Nett.Tests.Internal.csproj", "{914A6827-44CF-4E84-9A79-F6AB67FB6B20}"
EndProject
Project("{FAE04EC0-301F-11D3-BF4B-00C04F79EFBC}") = "Nett.Tests.Util", "..\..\Test\Nett.Tests.Util\Nett.Tests.Util.csproj", "{43F48E90-2FA1-4DD7-A4CF-9EB6DB078A76}"
EndProject
Project("{9A19103F-16F7-4668-BE54-9A1E7A4F7556}") = "Nett.AspNet.SystemTests", "..\..\Test\Nett.AspNet.SystemTests\Nett.AspNet.SystemTests.csproj", "{D2A875E3-B324-4125-BC76-10EE039AF9C9}"
EndProject
Project("{9A19103F-16F7-4668-BE54-9A1E7A4F7556}") = "Nett.AspNet", "..\..\Source\Nett.AspNet\Nett.AspNet.csproj", "{B725009F-78A1-4587-9BAB-7DD09FF31DE4}"
EndProject
Project("{FAE04EC0-301F-11D3-BF4B-00C04F79EFBC}") = "Nett.PerfTests", "..\..\Test\Nett.PerfTests\Nett.PerfTests.csproj", "{57E5A8B7-F789-4E16-AFFA-A78F5B460861}"
EndProject
Global
	GlobalSection(SolutionConfigurationPlatforms) = preSolution
		Debug|Any CPU = Debug|Any CPU
		Release|Any CPU = Release|Any CPU
	EndGlobalSection
	GlobalSection(ProjectConfigurationPlatforms) = postSolution
		{11E1BD88-FAB6-407D-B3EF-42A291D4AA14}.Debug|Any CPU.ActiveCfg = Debug|Any CPU
		{11E1BD88-FAB6-407D-B3EF-42A291D4AA14}.Debug|Any CPU.Build.0 = Debug|Any CPU
		{11E1BD88-FAB6-407D-B3EF-42A291D4AA14}.Release|Any CPU.ActiveCfg = Release|Any CPU
		{11E1BD88-FAB6-407D-B3EF-42A291D4AA14}.Release|Any CPU.Build.0 = Release|Any CPU
		{A453AF50-8154-4766-84DD-9DB71E38BE0C}.Debug|Any CPU.ActiveCfg = Debug|Any CPU
		{A453AF50-8154-4766-84DD-9DB71E38BE0C}.Debug|Any CPU.Build.0 = Debug|Any CPU
		{A453AF50-8154-4766-84DD-9DB71E38BE0C}.Release|Any CPU.ActiveCfg = Release|Any CPU
		{A453AF50-8154-4766-84DD-9DB71E38BE0C}.Release|Any CPU.Build.0 = Release|Any CPU
		{7AA9DF26-72E2-495F-B779-2C9D55AA9C44}.Debug|Any CPU.ActiveCfg = Debug|Any CPU
		{7AA9DF26-72E2-495F-B779-2C9D55AA9C44}.Debug|Any CPU.Build.0 = Debug|Any CPU
		{7AA9DF26-72E2-495F-B779-2C9D55AA9C44}.Release|Any CPU.ActiveCfg = Release|Any CPU
		{7AA9DF26-72E2-495F-B779-2C9D55AA9C44}.Release|Any CPU.Build.0 = Release|Any CPU
		{973EB2FA-C2BA-4395-BB42-1632A602C5CB}.Debug|Any CPU.ActiveCfg = Debug|Any CPU
		{973EB2FA-C2BA-4395-BB42-1632A602C5CB}.Debug|Any CPU.Build.0 = Debug|Any CPU
		{973EB2FA-C2BA-4395-BB42-1632A602C5CB}.Release|Any CPU.ActiveCfg = Release|Any CPU
		{973EB2FA-C2BA-4395-BB42-1632A602C5CB}.Release|Any CPU.Build.0 = Release|Any CPU
		{C7FDD1D2-70F8-4808-8F39-27267C159CF3}.Debug|Any CPU.ActiveCfg = Debug|Any CPU
		{C7FDD1D2-70F8-4808-8F39-27267C159CF3}.Debug|Any CPU.Build.0 = Debug|Any CPU
		{C7FDD1D2-70F8-4808-8F39-27267C159CF3}.Release|Any CPU.ActiveCfg = Release|Any CPU
		{C7FDD1D2-70F8-4808-8F39-27267C159CF3}.Release|Any CPU.Build.0 = Release|Any CPU
		{87AD5DA2-6146-4D1F-97B8-37C75F2B2BA5}.Debug|Any CPU.ActiveCfg = Debug|Any CPU
		{87AD5DA2-6146-4D1F-97B8-37C75F2B2BA5}.Debug|Any CPU.Build.0 = Debug|Any CPU
		{87AD5DA2-6146-4D1F-97B8-37C75F2B2BA5}.Release|Any CPU.ActiveCfg = Release|Any CPU
		{87AD5DA2-6146-4D1F-97B8-37C75F2B2BA5}.Release|Any CPU.Build.0 = Release|Any CPU
		{914A6827-44CF-4E84-9A79-F6AB67FB6B20}.Debug|Any CPU.ActiveCfg = Debug|Any CPU
		{914A6827-44CF-4E84-9A79-F6AB67FB6B20}.Debug|Any CPU.Build.0 = Debug|Any CPU
		{914A6827-44CF-4E84-9A79-F6AB67FB6B20}.Release|Any CPU.ActiveCfg = Release|Any CPU
		{914A6827-44CF-4E84-9A79-F6AB67FB6B20}.Release|Any CPU.Build.0 = Release|Any CPU
		{43F48E90-2FA1-4DD7-A4CF-9EB6DB078A76}.Debug|Any CPU.ActiveCfg = Debug|Any CPU
		{43F48E90-2FA1-4DD7-A4CF-9EB6DB078A76}.Debug|Any CPU.Build.0 = Debug|Any CPU
		{43F48E90-2FA1-4DD7-A4CF-9EB6DB078A76}.Release|Any CPU.ActiveCfg = Release|Any CPU
		{43F48E90-2FA1-4DD7-A4CF-9EB6DB078A76}.Release|Any CPU.Build.0 = Release|Any CPU
		{D2A875E3-B324-4125-BC76-10EE039AF9C9}.Debug|Any CPU.ActiveCfg = Debug|Any CPU
		{D2A875E3-B324-4125-BC76-10EE039AF9C9}.Debug|Any CPU.Build.0 = Debug|Any CPU
		{D2A875E3-B324-4125-BC76-10EE039AF9C9}.Release|Any CPU.ActiveCfg = Release|Any CPU
		{D2A875E3-B324-4125-BC76-10EE039AF9C9}.Release|Any CPU.Build.0 = Release|Any CPU
		{B725009F-78A1-4587-9BAB-7DD09FF31DE4}.Debug|Any CPU.ActiveCfg = Debug|Any CPU
		{B725009F-78A1-4587-9BAB-7DD09FF31DE4}.Debug|Any CPU.Build.0 = Debug|Any CPU
		{B725009F-78A1-4587-9BAB-7DD09FF31DE4}.Release|Any CPU.ActiveCfg = Release|Any CPU
		{B725009F-78A1-4587-9BAB-7DD09FF31DE4}.Release|Any CPU.Build.0 = Release|Any CPU
		{57E5A8B7-F789-4E16-AFFA-A78F5B460861}.Debug|Any CPU.ActiveCfg = Debug|Any CPU
		{57E5A8B7-F789-4E16-AFFA-A78F5B460861}.Debug|Any CPU.Build.0 = Debug|Any CPU
		{57E5A8B7-F789-4E16-AFFA-A78F5B460861}.Release|Any CPU.ActiveCfg = Release|Any CPU
		{57E5A8B7-F789-4E16-AFFA-A78F5B460861}.Release|Any CPU.Build.0 = Release|Any CPU
	EndGlobalSection
	GlobalSection(SolutionProperties) = preSolution
		HideSolutionNode = FALSE
	EndGlobalSection
	GlobalSection(NestedProjects) = preSolution
		{7AA9DF26-72E2-495F-B779-2C9D55AA9C44} = {9A668C41-A34B-4E30-9D2A-B903C9D4985D}
		{973EB2FA-C2BA-4395-BB42-1632A602C5CB} = {9A668C41-A34B-4E30-9D2A-B903C9D4985D}
		{C7FDD1D2-70F8-4808-8F39-27267C159CF3} = {9A668C41-A34B-4E30-9D2A-B903C9D4985D}
		{87AD5DA2-6146-4D1F-97B8-37C75F2B2BA5} = {9A668C41-A34B-4E30-9D2A-B903C9D4985D}
		{914A6827-44CF-4E84-9A79-F6AB67FB6B20} = {9A668C41-A34B-4E30-9D2A-B903C9D4985D}
		{43F48E90-2FA1-4DD7-A4CF-9EB6DB078A76} = {9A668C41-A34B-4E30-9D2A-B903C9D4985D}
		{D2A875E3-B324-4125-BC76-10EE039AF9C9} = {9A668C41-A34B-4E30-9D2A-B903C9D4985D}
		{57E5A8B7-F789-4E16-AFFA-A78F5B460861} = {9A668C41-A34B-4E30-9D2A-B903C9D4985D}
	EndGlobalSection
	GlobalSection(ExtensibilityGlobals) = postSolution
		SolutionGuid = {103717AC-2FA6-462C-A42E-BAEA4AC47635}
	EndGlobalSection
EndGlobal
